
Microsoft Visual Studio Solution File, Format Version 12.00
# Visual Studio 15
VisualStudioVersion = 15.0.26124.0
MinimumVisualStudioVersion = 15.0.26124.0
Project("{2150E333-8FDC-42A3-9474-1A3956D46DE8}") = "src", "src", "{05A647F0-E05E-4334-9156-2B0B9C7E731B}"
EndProject
Project("{FAE04EC0-301F-11D3-BF4B-00C04F79EFBC}") = "partitionkey", "src\partitionkey\partitionkey.csproj", "{E0DE74CF-92B9-4F8E-8E37-00396B7E3D2A}"
EndProject
Project("{2150E333-8FDC-42A3-9474-1A3956D46DE8}") = "test", "test", "{2B8CE493-2164-46F7-9DB9-052E8B80B5B3}"
EndProject
Project("{FAE04EC0-301F-11D3-BF4B-00C04F79EFBC}") = "unittests", "test\unittests\unittests.csproj", "{CCE42939-EFFC-4697-82FA-892FCD65B7D9}"
EndProject
Global
	GlobalSection(SolutionConfigurationPlatforms) = preSolution
		Debug|Any CPU = Debug|Any CPU
		Debug|x64 = Debug|x64
		Debug|x86 = Debug|x86
		Release|Any CPU = Release|Any CPU
		Release|x64 = Release|x64
		Release|x86 = Release|x86
	EndGlobalSection
	GlobalSection(SolutionProperties) = preSolution
		HideSolutionNode = FALSE
	EndGlobalSection
	GlobalSection(ProjectConfigurationPlatforms) = postSolution
		{E0DE74CF-92B9-4F8E-8E37-00396B7E3D2A}.Debug|Any CPU.ActiveCfg = Debug|Any CPU
		{E0DE74CF-92B9-4F8E-8E37-00396B7E3D2A}.Debug|Any CPU.Build.0 = Debug|Any CPU
		{E0DE74CF-92B9-4F8E-8E37-00396B7E3D2A}.Debug|x64.ActiveCfg = Debug|x64
		{E0DE74CF-92B9-4F8E-8E37-00396B7E3D2A}.Debug|x64.Build.0 = Debug|x64
		{E0DE74CF-92B9-4F8E-8E37-00396B7E3D2A}.Debug|x86.ActiveCfg = Debug|x86
		{E0DE74CF-92B9-4F8E-8E37-00396B7E3D2A}.Debug|x86.Build.0 = Debug|x86
		{E0DE74CF-92B9-4F8E-8E37-00396B7E3D2A}.Release|Any CPU.ActiveCfg = Release|Any CPU
		{E0DE74CF-92B9-4F8E-8E37-00396B7E3D2A}.Release|Any CPU.Build.0 = Release|Any CPU
		{E0DE74CF-92B9-4F8E-8E37-00396B7E3D2A}.Release|x64.ActiveCfg = Release|x64
		{E0DE74CF-92B9-4F8E-8E37-00396B7E3D2A}.Release|x64.Build.0 = Release|x64
		{E0DE74CF-92B9-4F8E-8E37-00396B7E3D2A}.Release|x86.ActiveCfg = Release|x86
		{E0DE74CF-92B9-4F8E-8E37-00396B7E3D2A}.Release|x86.Build.0 = Release|x86
		{CCE42939-EFFC-4697-82FA-892FCD65B7D9}.Debug|Any CPU.ActiveCfg = Debug|Any CPU
		{CCE42939-EFFC-4697-82FA-892FCD65B7D9}.Debug|Any CPU.Build.0 = Debug|Any CPU
		{CCE42939-EFFC-4697-82FA-892FCD65B7D9}.Debug|x64.ActiveCfg = Debug|x64
		{CCE42939-EFFC-4697-82FA-892FCD65B7D9}.Debug|x64.Build.0 = Debug|x64
		{CCE42939-EFFC-4697-82FA-892FCD65B7D9}.Debug|x86.ActiveCfg = Debug|x86
		{CCE42939-EFFC-4697-82FA-892FCD65B7D9}.Debug|x86.Build.0 = Debug|x86
		{CCE42939-EFFC-4697-82FA-892FCD65B7D9}.Release|Any CPU.ActiveCfg = Release|Any CPU
		{CCE42939-EFFC-4697-82FA-892FCD65B7D9}.Release|Any CPU.Build.0 = Release|Any CPU
		{CCE42939-EFFC-4697-82FA-892FCD65B7D9}.Release|x64.ActiveCfg = Release|x64
		{CCE42939-EFFC-4697-82FA-892FCD65B7D9}.Release|x64.Build.0 = Release|x64
		{CCE42939-EFFC-4697-82FA-892FCD65B7D9}.Release|x86.ActiveCfg = Release|x86
		{CCE42939-EFFC-4697-82FA-892FCD65B7D9}.Release|x86.Build.0 = Release|x86
	EndGlobalSection
	GlobalSection(NestedProjects) = preSolution
		{E0DE74CF-92B9-4F8E-8E37-00396B7E3D2A} = {05A647F0-E05E-4334-9156-2B0B9C7E731B}
		{CCE42939-EFFC-4697-82FA-892FCD65B7D9} = {2B8CE493-2164-46F7-9DB9-052E8B80B5B3}
	EndGlobalSection
EndGlobal
